# THIS IS AN AUTOGENERATED FILE. DO NOT EDIT THIS FILE DIRECTLY.
# yarn lockfile v1
deep-diff@0.3.4:
  version "0.3.4"
  resolved "https://registry.yarnpkg.com/deep-diff/-/deep-diff-0.3.4.tgz#aac5c39952236abe5f037a2349060ba01b00ae48"

redux-logger:
  version "2.7.4"
  resolved "https://registry.yarnpkg.com/redux-logger/-/redux-logger-2.7.4.tgz#891e5d29e7f111d08b5781a237b9965b5858c7f8"
  dependencies:
    deep-diff "0.3.4"

